
Microsoft Visual Studio Solution File, Format Version 12.00
# Visual Studio Version 16
VisualStudioVersion = 16.0.29519.87
MinimumVisualStudioVersion = 10.0.40219.1
Project("{9A19103F-16F7-4668-BE54-9A1E7A4F7556}") = "Greendex", "Greendex\Greendex.csproj", "{C104986A-8E58-4CF6-841B-C8A07D6D6729}"
EndProject
Project("{9A19103F-16F7-4668-BE54-9A1E7A4F7556}") = "BLL", "BLL\BLL.csproj", "{B00CE7FE-F9D4-4BFD-AF74-BEB47CE9F6DB}"
EndProject
Project("{9A19103F-16F7-4668-BE54-9A1E7A4F7556}") = "Data", "Data\Data.csproj", "{BE795A9B-81E9-46AF-AAA4-DDDE2C75FF71}"
EndProject
Global
	GlobalSection(SolutionConfigurationPlatforms) = preSolution
		Debug|Any CPU = Debug|Any CPU
		Release|Any CPU = Release|Any CPU
	EndGlobalSection
	GlobalSection(ProjectConfigurationPlatforms) = postSolution
		{C104986A-8E58-4CF6-841B-C8A07D6D6729}.Debug|Any CPU.ActiveCfg = Debug|Any CPU
		{C104986A-8E58-4CF6-841B-C8A07D6D6729}.Debug|Any CPU.Build.0 = Debug|Any CPU
		{C104986A-8E58-4CF6-841B-C8A07D6D6729}.Release|Any CPU.ActiveCfg = Release|Any CPU
		{C104986A-8E58-4CF6-841B-C8A07D6D6729}.Release|Any CPU.Build.0 = Release|Any CPU
		{B00CE7FE-F9D4-4BFD-AF74-BEB47CE9F6DB}.Debug|Any CPU.ActiveCfg = Debug|Any CPU
		{B00CE7FE-F9D4-4BFD-AF74-BEB47CE9F6DB}.Debug|Any CPU.Build.0 = Debug|Any CPU
		{B00CE7FE-F9D4-4BFD-AF74-BEB47CE9F6DB}.Release|Any CPU.ActiveCfg = Release|Any CPU
		{B00CE7FE-F9D4-4BFD-AF74-BEB47CE9F6DB}.Release|Any CPU.Build.0 = Release|Any CPU
		{BE795A9B-81E9-46AF-AAA4-DDDE2C75FF71}.Debug|Any CPU.ActiveCfg = Debug|Any CPU
		{BE795A9B-81E9-46AF-AAA4-DDDE2C75FF71}.Debug|Any CPU.Build.0 = Debug|Any CPU
		{BE795A9B-81E9-46AF-AAA4-DDDE2C75FF71}.Release|Any CPU.ActiveCfg = Release|Any CPU
		{BE795A9B-81E9-46AF-AAA4-DDDE2C75FF71}.Release|Any CPU.Build.0 = Release|Any CPU
	EndGlobalSection
	GlobalSection(SolutionProperties) = preSolution
		HideSolutionNode = FALSE
	EndGlobalSection
	GlobalSection(ExtensibilityGlobals) = postSolution
		SolutionGuid = {DCB4415F-D676-448D-9277-2DBE017A4714}
	EndGlobalSection
EndGlobal
